
Microsoft Visual Studio Solution File, Format Version 12.00
# Visual Studio Version 16
VisualStudioVersion = 16.0.30611.23
MinimumVisualStudioVersion = 10.0.40219.1
Project("{FAE04EC0-301F-11D3-BF4B-00C04F79EFBC}") = "simpleRPGv22", "simpleRPGv22.csproj", "{00ED96F8-0C95-473F-B4F6-276DF79C62B6}"
EndProject
Global
	GlobalSection(SolutionConfigurationPlatforms) = preSolution
		Debug|Any CPU = Debug|Any CPU
		Release|Any CPU = Release|Any CPU
	EndGlobalSection
	GlobalSection(ProjectConfigurationPlatforms) = postSolution
		{00ED96F8-0C95-473F-B4F6-276DF79C62B6}.Debug|Any CPU.ActiveCfg = Debug|Any CPU
		{00ED96F8-0C95-473F-B4F6-276DF79C62B6}.Debug|Any CPU.Build.0 = Debug|Any CPU
		{00ED96F8-0C95-473F-B4F6-276DF79C62B6}.Release|Any CPU.ActiveCfg = Release|Any CPU
		{00ED96F8-0C95-473F-B4F6-276DF79C62B6}.Release|Any CPU.Build.0 = Release|Any CPU
	EndGlobalSection
	GlobalSection(SolutionProperties) = preSolution
		HideSolutionNode = FALSE
	EndGlobalSection
	GlobalSection(ExtensibilityGlobals) = postSolution
		SolutionGuid = {2F2302AB-556A-4483-8A6C-87E7CCCD2874}
	EndGlobalSection
EndGlobal
